
Microsoft Visual Studio Solution File, Format Version 12.00
Project("{FAE04EC0-301F-11D3-BF4B-00C04F79EFBC}") = "SlackNetBlockBuilder", "SlackNetBlockBuilder\SlackNetBlockBuilder.csproj", "{9E5ED4BC-5C36-44E2-8E9C-003681C394BB}"
EndProject
Project("{FAE04EC0-301F-11D3-BF4B-00C04F79EFBC}") = "UnitTests", "UnitTests\UnitTests.csproj", "{3E772EDE-E3EC-4F58-AAA5-536D22C9BB18}"
EndProject
Global
	GlobalSection(SolutionConfigurationPlatforms) = preSolution
		Debug|Any CPU = Debug|Any CPU
		Release|Any CPU = Release|Any CPU
	EndGlobalSection
	GlobalSection(ProjectConfigurationPlatforms) = postSolution
		{9E5ED4BC-5C36-44E2-8E9C-003681C394BB}.Debug|Any CPU.ActiveCfg = Debug|Any CPU
		{9E5ED4BC-5C36-44E2-8E9C-003681C394BB}.Debug|Any CPU.Build.0 = Debug|Any CPU
		{9E5ED4BC-5C36-44E2-8E9C-003681C394BB}.Release|Any CPU.ActiveCfg = Release|Any CPU
		{9E5ED4BC-5C36-44E2-8E9C-003681C394BB}.Release|Any CPU.Build.0 = Release|Any CPU
		{3E772EDE-E3EC-4F58-AAA5-536D22C9BB18}.Debug|Any CPU.ActiveCfg = Debug|Any CPU
		{3E772EDE-E3EC-4F58-AAA5-536D22C9BB18}.Debug|Any CPU.Build.0 = Debug|Any CPU
		{3E772EDE-E3EC-4F58-AAA5-536D22C9BB18}.Release|Any CPU.ActiveCfg = Release|Any CPU
		{3E772EDE-E3EC-4F58-AAA5-536D22C9BB18}.Release|Any CPU.Build.0 = Release|Any CPU
	EndGlobalSection
EndGlobal
